
Microsoft Visual Studio Solution File, Format Version 12.00
# Visual Studio 15
VisualStudioVersion = 15.0.27705.2000
MinimumVisualStudioVersion = 10.0.40219.1
Project("{2150E333-8FDC-42A3-9474-1A3956D46DE8}") = "src", "src", "{CB2FB5E1-8269-4645-914C-7AD21E216317}"
EndProject
Project("{6EC3EE1D-3C4E-46DD-8F32-0CC8E7565705}") = "Aggregit.Web", "src\Aggregit.Web\Aggregit.Web.fsproj", "{7E3932DF-0BD7-4E7F-BD1A-B36CE2BE26AE}"
EndProject
Global
	GlobalSection(SolutionConfigurationPlatforms) = preSolution
		Debug|Any CPU = Debug|Any CPU
		Release|Any CPU = Release|Any CPU
	EndGlobalSection
	GlobalSection(ProjectConfigurationPlatforms) = postSolution
		{7E3932DF-0BD7-4E7F-BD1A-B36CE2BE26AE}.Debug|Any CPU.ActiveCfg = Debug|Any CPU
		{7E3932DF-0BD7-4E7F-BD1A-B36CE2BE26AE}.Debug|Any CPU.Build.0 = Debug|Any CPU
		{7E3932DF-0BD7-4E7F-BD1A-B36CE2BE26AE}.Release|Any CPU.ActiveCfg = Release|Any CPU
		{7E3932DF-0BD7-4E7F-BD1A-B36CE2BE26AE}.Release|Any CPU.Build.0 = Release|Any CPU
	EndGlobalSection
	GlobalSection(SolutionProperties) = preSolution
		HideSolutionNode = FALSE
	EndGlobalSection
	GlobalSection(NestedProjects) = preSolution
		{7E3932DF-0BD7-4E7F-BD1A-B36CE2BE26AE} = {CB2FB5E1-8269-4645-914C-7AD21E216317}
	EndGlobalSection
	GlobalSection(ExtensibilityGlobals) = postSolution
		SolutionGuid = {88951FFB-AD85-4384-9800-625EBD858472}
	EndGlobalSection
EndGlobal
