
Microsoft Visual Studio Solution File, Format Version 12.00
# Visual Studio 15
VisualStudioVersion = 15.0.27705.2000
MinimumVisualStudioVersion = 10.0.40219.1
Project("{2150E333-8FDC-42A3-9474-1A3956D46DE8}") = "src", "src", "{CB2FB5E1-8269-4645-914C-7AD21E216317}"
EndProject
Project("{9A19103F-16F7-4668-BE54-9A1E7A4F7556}") = "Aggregit.Web", "src\Aggregit.Web\Aggregit.Web.csproj", "{B046EC14-73EF-40E0-8728-2504B1BA9730}"
EndProject
Global
	GlobalSection(SolutionConfigurationPlatforms) = preSolution
		Debug|Any CPU = Debug|Any CPU
		Release|Any CPU = Release|Any CPU
	EndGlobalSection
	GlobalSection(ProjectConfigurationPlatforms) = postSolution
		{B046EC14-73EF-40E0-8728-2504B1BA9730}.Debug|Any CPU.ActiveCfg = Debug|Any CPU
		{B046EC14-73EF-40E0-8728-2504B1BA9730}.Debug|Any CPU.Build.0 = Debug|Any CPU
		{B046EC14-73EF-40E0-8728-2504B1BA9730}.Release|Any CPU.ActiveCfg = Release|Any CPU
		{B046EC14-73EF-40E0-8728-2504B1BA9730}.Release|Any CPU.Build.0 = Release|Any CPU
	EndGlobalSection
	GlobalSection(SolutionProperties) = preSolution
		HideSolutionNode = FALSE
	EndGlobalSection
	GlobalSection(NestedProjects) = preSolution
		{B046EC14-73EF-40E0-8728-2504B1BA9730} = {CB2FB5E1-8269-4645-914C-7AD21E216317}
	EndGlobalSection
	GlobalSection(ExtensibilityGlobals) = postSolution
		SolutionGuid = {88951FFB-AD85-4384-9800-625EBD858472}
	EndGlobalSection
EndGlobal
